# This file is automatically @generated by Cargo.
# It is not intended for manual editing.
version = 4

[[package]]
name = "example-plugin"
version = "0.1.0"
dependencies = [
 "tau",
]

[[package]]
name = "futures-core"
version = "0.3.31"
source = "registry+https://github.com/rust-lang/crates.io-index"
checksum = "05f29059c0c2090612e8d742178b0580d2dc940c837851ad723096f87af6663e"

[[package]]
name = "pin-project-lite"
version = "0.2.16"
source = "registry+https://github.com/rust-lang/crates.io-index"
checksum = "3b3cff922bd51709b605d9ead9aa71031d81447142d828eb4a6eba76fe619f9b"

[[package]]
name = "tau"
version = "0.1.0"
dependencies = [
 "futures-core",
 "pin-project-lite",
]

[[patch.unused]]
name = "crossterm"
version = "0.28.0"

[[patch.unused]]
name = "tokio"
version = "1.99.0"
