# This file is automatically @generated by Cargo.
# It is not intended for manual editing.
version = 4

[[package]]
name = "abort-test-plugin"
version = "0.1.0"
dependencies = [
 "tau",
]

[[package]]
name = "tau"
version = "0.1.0"
dependencies = [
 "tau-rt",
]

[[package]]
name = "tau-rt"
version = "0.1.0"

[[patch.unused]]
name = "tokio"
version = "1.99.0"
